
Microsoft Visual Studio Solution File, Format Version 12.00
# Visual Studio Version 17
VisualStudioVersion = 17.14.37301.10 d17.14
MinimumVisualStudioVersion = 10.0.40219.1
Project("{FAE04EC0-301F-11D3-BF4B-00C04F79EFBC}") = "ahello_backend", "ahello_backend\ahello_backend.csproj", "{45C0CD6A-F4BC-47B9-9840-A645D622DB25}"
EndProject
Global
	GlobalSection(SolutionConfigurationPlatforms) = preSolution
		Debug|Any CPU = Debug|Any CPU
		Release|Any CPU = Release|Any CPU
	EndGlobalSection
	GlobalSection(ProjectConfigurationPlatforms) = postSolution
		{45C0CD6A-F4BC-47B9-9840-A645D622DB25}.Debug|Any CPU.ActiveCfg = Debug|Any CPU
		{45C0CD6A-F4BC-47B9-9840-A645D622DB25}.Debug|Any CPU.Build.0 = Debug|Any CPU
		{45C0CD6A-F4BC-47B9-9840-A645D622DB25}.Release|Any CPU.ActiveCfg = Release|Any CPU
		{45C0CD6A-F4BC-47B9-9840-A645D622DB25}.Release|Any CPU.Build.0 = Release|Any CPU
	EndGlobalSection
	GlobalSection(SolutionProperties) = preSolution
		HideSolutionNode = FALSE
	EndGlobalSection
	GlobalSection(ExtensibilityGlobals) = postSolution
		SolutionGuid = {BD0B8A36-9594-4191-8CE8-D71B45EC0D8C}
	EndGlobalSection
EndGlobal
